// !$*UTF8*$!
{
	archiveVersion = 1;
	classes = {
	};
	objectVersion = 46;
	objects = {

/* Begin PBXBuildFile section */
		222EE7A41BDE368A00B74B33 /* AppDelegate.swift in Sources */ = {isa = PBXBuildFile; fileRef = 222EE7A31BDE368A00B74B33 /* AppDelegate.swift */; };
		222EE7AB1BDE368B00B74B33 /* Assets.xcassets in Resources */ = {isa = PBXBuildFile; fileRef = 222EE7AA1BDE368B00B74B33 /* Assets.xcassets */; };
		222EE7AE1BDE368B00B74B33 /* LaunchScreen.storyboard in Resources */ = {isa = PBXBuildFile; fileRef = 222EE7AC1BDE368B00B74B33 /* LaunchScreen.storyboard */; };
		223952921BE0DBBE00AF2718 /* Networktools.swift in Sources */ = {isa = PBXBuildFile; fileRef = 223952911BE0DBBE00AF2718 /* Networktools.swift */; settings = {ASSET_TAGS = (); }; };
		223952951BE0E72F00AF2718 /* OAuthViewController.swift in Sources */ = {isa = PBXBuildFile; fileRef = 223952941BE0E72F00AF2718 /* OAuthViewController.swift */; settings = {ASSET_TAGS = (); }; };
		224C34431BE4849800A42E1B /* UIBarButtonItem+Extension.swift in Sources */ = {isa = PBXBuildFile; fileRef = 224C34421BE4849800A42E1B /* UIBarButtonItem+Extension.swift */; settings = {ASSET_TAGS = (); }; };
		224C34451BE4CE9400A42E1B /* YHHomeTitleView.swift in Sources */ = {isa = PBXBuildFile; fileRef = 224C34441BE4CE9400A42E1B /* YHHomeTitleView.swift */; settings = {ASSET_TAGS = (); }; };
		224C34471BE4DB0D00A42E1B /* UIView+AutoLayout.swift in Sources */ = {isa = PBXBuildFile; fileRef = 224C34461BE4DB0D00A42E1B /* UIView+AutoLayout.swift */; settings = {ASSET_TAGS = (); }; };
		224C34491BE4E1D700A42E1B /* YHStatus.swift in Sources */ = {isa = PBXBuildFile; fileRef = 224C34481BE4E1D700A42E1B /* YHStatus.swift */; settings = {ASSET_TAGS = (); }; };
		224C344B1BE510E700A42E1B /* YHUser.swift in Sources */ = {isa = PBXBuildFile; fileRef = 224C344A1BE510E700A42E1B /* YHUser.swift */; settings = {ASSET_TAGS = (); }; };
		22594A3A1BE1DD7D00E82EB5 /* YHUserAccount.swift in Sources */ = {isa = PBXBuildFile; fileRef = 22594A391BE1DD7D00E82EB5 /* YHUserAccount.swift */; settings = {ASSET_TAGS = (); }; };
		227FB6421BE399FE00FE8C40 /* YHHomeController.swift in Sources */ = {isa = PBXBuildFile; fileRef = 227FB6411BE399FE00FE8C40 /* YHHomeController.swift */; settings = {ASSET_TAGS = (); }; };
		227FB6441BE39A0C00FE8C40 /* YHTabBarController.swift in Sources */ = {isa = PBXBuildFile; fileRef = 227FB6431BE39A0C00FE8C40 /* YHTabBarController.swift */; settings = {ASSET_TAGS = (); }; };
		227FB6461BE39A7900FE8C40 /* YHBaseController.swift in Sources */ = {isa = PBXBuildFile; fileRef = 227FB6451BE39A7900FE8C40 /* YHBaseController.swift */; settings = {ASSET_TAGS = (); }; };
		227FB6491BE39AB100FE8C40 /* YHVistorView.swift in Sources */ = {isa = PBXBuildFile; fileRef = 227FB6471BE39AB100FE8C40 /* YHVistorView.swift */; settings = {ASSET_TAGS = (); }; };
		227FB64A1BE39AB100FE8C40 /* YHMainTabBar.swift in Sources */ = {isa = PBXBuildFile; fileRef = 227FB6481BE39AB100FE8C40 /* YHMainTabBar.swift */; settings = {ASSET_TAGS = (); }; };
		227FB64C1BE39AD800FE8C40 /* YHProfileController.swift in Sources */ = {isa = PBXBuildFile; fileRef = 227FB64B1BE39AD800FE8C40 /* YHProfileController.swift */; settings = {ASSET_TAGS = (); }; };
		227FB64E1BE39B0500FE8C40 /* YHMessageController.swift in Sources */ = {isa = PBXBuildFile; fileRef = 227FB64D1BE39B0500FE8C40 /* YHMessageController.swift */; settings = {ASSET_TAGS = (); }; };
		227FB6501BE39B2000FE8C40 /* YHDiscoverController.swift in Sources */ = {isa = PBXBuildFile; fileRef = 227FB64F1BE39B2000FE8C40 /* YHDiscoverController.swift */; settings = {ASSET_TAGS = (); }; };
		227FB6541BE39C5C00FE8C40 /* YHWelconeViewController.swift in Sources */ = {isa = PBXBuildFile; fileRef = 227FB6531BE39C5C00FE8C40 /* YHWelconeViewController.swift */; settings = {ASSET_TAGS = (); }; };
		22CEBDE31BE3AD4E009D7D91 /* YHNewFeatureViewController.swift in Sources */ = {isa = PBXBuildFile; fileRef = 22CEBDE21BE3AD4E009D7D91 /* YHNewFeatureViewController.swift */; settings = {ASSET_TAGS = (); }; };
		2A3A798B71892629C3B47F29 /* Pods.framework in Frameworks */ = {isa = PBXBuildFile; fileRef = BE98450B0AD42E98A5B26E13 /* Pods.framework */; };
/* End PBXBuildFile section */

/* Begin PBXFileReference section */
		222EE7A01BDE368A00B74B33 /* Myweibo.app */ = {isa = PBXFileReference; explicitFileType = wrapper.application; includeInIndex = 0; path = Myweibo.app; sourceTree = BUILT_PRODUCTS_DIR; };
		222EE7A31BDE368A00B74B33 /* AppDelegate.swift */ = {isa = PBXFileReference; lastKnownFileType = sourcecode.swift; path = AppDelegate.swift; sourceTree = "<group>"; };
		222EE7AA1BDE368B00B74B33 /* Assets.xcassets */ = {isa = PBXFileReference; lastKnownFileType = folder.assetcatalog; path = Assets.xcassets; sourceTree = "<group>"; };
		222EE7AD1BDE368B00B74B33 /* Base */ = {isa = PBXFileReference; lastKnownFileType = file.storyboard; name = Base; path = Base.lproj/LaunchScreen.storyboard; sourceTree = "<group>"; };
		222EE7AF1BDE368B00B74B33 /* Info.plist */ = {isa = PBXFileReference; lastKnownFileType = text.plist.xml; path = Info.plist; sourceTree = "<group>"; };
		223952911BE0DBBE00AF2718 /* Networktools.swift */ = {isa = PBXFileReference; fileEncoding = 4; lastKnownFileType = sourcecode.swift; path = Networktools.swift; sourceTree = "<group>"; };
		223952941BE0E72F00AF2718 /* OAuthViewController.swift */ = {isa = PBXFileReference; fileEncoding = 4; lastKnownFileType = sourcecode.swift; path = OAuthViewController.swift; sourceTree = "<group>"; };
		224C34421BE4849800A42E1B /* UIBarButtonItem+Extension.swift */ = {isa = PBXFileReference; fileEncoding = 4; lastKnownFileType = sourcecode.swift; path = "UIBarButtonItem+Extension.swift"; sourceTree = "<group>"; };
		224C34441BE4CE9400A42E1B /* YHHomeTitleView.swift */ = {isa = PBXFileReference; fileEncoding = 4; lastKnownFileType = sourcecode.swift; name = YHHomeTitleView.swift; path = Myweibo/Classes/Extension/YHHomeTitleView.swift; sourceTree = SOURCE_ROOT; };
		224C34461BE4DB0D00A42E1B /* UIView+AutoLayout.swift */ = {isa = PBXFileReference; fileEncoding = 4; lastKnownFileType = sourcecode.swift; path = "UIView+AutoLayout.swift"; sourceTree = "<group>"; };
		224C34481BE4E1D700A42E1B /* YHStatus.swift */ = {isa = PBXFileReference; fileEncoding = 4; lastKnownFileType = sourcecode.swift; path = YHStatus.swift; sourceTree = "<group>"; };
		224C344A1BE510E700A42E1B /* YHUser.swift */ = {isa = PBXFileReference; fileEncoding = 4; lastKnownFileType = sourcecode.swift; path = YHUser.swift; sourceTree = "<group>"; };
		22594A391BE1DD7D00E82EB5 /* YHUserAccount.swift */ = {isa = PBXFileReference; fileEncoding = 4; lastKnownFileType = sourcecode.swift; path = YHUserAccount.swift; sourceTree = "<group>"; };
		227FB6411BE399FE00FE8C40 /* YHHomeController.swift */ = {isa = PBXFileReference; fileEncoding = 4; lastKnownFileType = sourcecode.swift; name = YHHomeController.swift; path = Myweibo/Classes/Module/Home/Controller/YHHomeController.swift; sourceTree = SOURCE_ROOT; };
		227FB6431BE39A0C00FE8C40 /* YHTabBarController.swift */ = {isa = PBXFileReference; fileEncoding = 4; lastKnownFileType = sourcecode.swift; name = YHTabBarController.swift; path = Myweibo/Classes/Module/Main/Controller/YHTabBarController.swift; sourceTree = SOURCE_ROOT; };
		227FB6451BE39A7900FE8C40 /* YHBaseController.swift */ = {isa = PBXFileReference; fileEncoding = 4; lastKnownFileType = sourcecode.swift; name = YHBaseController.swift; path = Myweibo/Classes/Module/Main/Controller/YHBaseController.swift; sourceTree = SOURCE_ROOT; };
		227FB6471BE39AB100FE8C40 /* YHVistorView.swift */ = {isa = PBXFileReference; fileEncoding = 4; lastKnownFileType = sourcecode.swift; name = YHVistorView.swift; path = Myweibo/Classes/Module/Main/View/YHVistorView.swift; sourceTree = SOURCE_ROOT; };
		227FB6481BE39AB100FE8C40 /* YHMainTabBar.swift */ = {isa = PBXFileReference; fileEncoding = 4; lastKnownFileType = sourcecode.swift; name = YHMainTabBar.swift; path = Myweibo/Classes/Module/Main/View/YHMainTabBar.swift; sourceTree = SOURCE_ROOT; };
		227FB64B1BE39AD800FE8C40 /* YHProfileController.swift */ = {isa = PBXFileReference; fileEncoding = 4; lastKnownFileType = sourcecode.swift; name = YHProfileController.swift; path = Myweibo/Classes/Module/Profile/Controller/YHProfileController.swift; sourceTree = SOURCE_ROOT; };
		227FB64D1BE39B0500FE8C40 /* YHMessageController.swift */ = {isa = PBXFileReference; fileEncoding = 4; lastKnownFileType = sourcecode.swift; name = YHMessageController.swift; path = Myweibo/Classes/Module/Message/Controller/YHMessageController.swift; sourceTree = SOURCE_ROOT; };
		227FB64F1BE39B2000FE8C40 /* YHDiscoverController.swift */ = {isa = PBXFileReference; fileEncoding = 4; lastKnownFileType = sourcecode.swift; name = YHDiscoverController.swift; path = Myweibo/Classes/Module/Discover/Controller/YHDiscoverController.swift; sourceTree = SOURCE_ROOT; };
		227FB6531BE39C5C00FE8C40 /* YHWelconeViewController.swift */ = {isa = PBXFileReference; fileEncoding = 4; lastKnownFileType = sourcecode.swift; path = YHWelconeViewController.swift; sourceTree = "<group>"; };
		22CEBDE21BE3AD4E009D7D91 /* YHNewFeatureViewController.swift */ = {isa = PBXFileReference; fileEncoding = 4; lastKnownFileType = sourcecode.swift; path = YHNewFeatureViewController.swift; sourceTree = "<group>"; };
		777B80C2E315FF28DDA2CE65 /* Pods.release.xcconfig */ = {isa = PBXFileReference; includeInIndex = 1; lastKnownFileType = text.xcconfig; name = Pods.release.xcconfig; path = "Pods/Target Support Files/Pods/Pods.release.xcconfig"; sourceTree = "<group>"; };
		B62728D0CF43F4993B938692 /* Pods.debug.xcconfig */ = {isa = PBXFileReference; includeInIndex = 1; lastKnownFileType = text.xcconfig; name = Pods.debug.xcconfig; path = "Pods/Target Support Files/Pods/Pods.debug.xcconfig"; sourceTree = "<group>"; };
		BE98450B0AD42E98A5B26E13 /* Pods.framework */ = {isa = PBXFileReference; explicitFileType = wrapper.framework; includeInIndex = 0; path = Pods.framework; sourceTree = BUILT_PRODUCTS_DIR; };
/* End PBXFileReference section */

/* Begin PBXFrameworksBuildPhase section */
		222EE79D1BDE368A00B74B33 /* Frameworks */ = {
			isa = PBXFrameworksBuildPhase;
			buildActionMask = 2147483647;
			files = (
				2A3A798B71892629C3B47F29 /* Pods.framework in Frameworks */,
			);
			runOnlyForDeploymentPostprocessing = 0;
		};
/* End PBXFrameworksBuildPhase section */

/* Begin PBXGroup section */
		222EE7971BDE368A00B74B33 = {
			isa = PBXGroup;
			children = (
				222EE7A21BDE368A00B74B33 /* Myweibo */,
				222EE7A11BDE368A00B74B33 /* Products */,
				3C05A25F6B764E66E26730CC /* Pods */,
				2670940E4ADBBB8E825A439C /* Frameworks */,
			);
			sourceTree = "<group>";
		};
		222EE7A11BDE368A00B74B33 /* Products */ = {
			isa = PBXGroup;
			children = (
				222EE7A01BDE368A00B74B33 /* Myweibo.app */,
			);
			name = Products;
			sourceTree = "<group>";
		};
		222EE7A21BDE368A00B74B33 /* Myweibo */ = {
			isa = PBXGroup;
			children = (
				222EE7A31BDE368A00B74B33 /* AppDelegate.swift */,
				222EE7B51BDE48D300B74B33 /* Classes */,
				222EE7AA1BDE368B00B74B33 /* Assets.xcassets */,
				222EE7AC1BDE368B00B74B33 /* LaunchScreen.storyboard */,
				222EE7AF1BDE368B00B74B33 /* Info.plist */,
			);
			path = Myweibo;
			sourceTree = "<group>";
		};
		222EE7B51BDE48D300B74B33 /* Classes */ = {
			isa = PBXGroup;
			children = (
				222EE7B61BDE48D300B74B33 /* Extension */,
				222EE7B71BDE48D300B74B33 /* Library */,
				222EE7B81BDE48D300B74B33 /* Model */,
				222EE7CE1BDE48D300B74B33 /* Module */,
				223952931BE0E6F800AF2718 /* OAuth */,
				222EE7CF1BDE48D300B74B33 /* Tool */,
			);
			path = Classes;
			sourceTree = "<group>";
		};
		222EE7B61BDE48D300B74B33 /* Extension */ = {
			isa = PBXGroup;
			children = (
				224C34421BE4849800A42E1B /* UIBarButtonItem+Extension.swift */,
			);
			path = Extension;
			sourceTree = "<group>";
		};
		222EE7B71BDE48D300B74B33 /* Library */ = {
			isa = PBXGroup;
			children = (
				224C34461BE4DB0D00A42E1B /* UIView+AutoLayout.swift */,
			);
			path = Library;
			sourceTree = "<group>";
		};
		222EE7B81BDE48D300B74B33 /* Model */ = {
			isa = PBXGroup;
			children = (
				22594A391BE1DD7D00E82EB5 /* YHUserAccount.swift */,
				224C34481BE4E1D700A42E1B /* YHStatus.swift */,
				224C344A1BE510E700A42E1B /* YHUser.swift */,
			);
			path = Model;
			sourceTree = "<group>";
		};
		222EE7B91BDE48D300B74B33 /* Discover */ = {
			isa = PBXGroup;
			children = (
				222EE7BA1BDE48D300B74B33 /* Controller */,
				222EE7BB1BDE48D300B74B33 /* model */,
				222EE7BC1BDE48D300B74B33 /* View */,
			);
			name = Discover;
			path = ../Model/Discover;
			sourceTree = "<group>";
		};
		222EE7BA1BDE48D300B74B33 /* Controller */ = {
			isa = PBXGroup;
			children = (
				227FB64F1BE39B2000FE8C40 /* YHDiscoverController.swift */,
			);
			path = Controller;
			sourceTree = "<group>";
		};
		222EE7BB1BDE48D300B74B33 /* model */ = {
			isa = PBXGroup;
			children = (
			);
			path = model;
			sourceTree = "<group>";
		};
		222EE7BC1BDE48D300B74B33 /* View */ = {
			isa = PBXGroup;
			children = (
			);
			path = View;
			sourceTree = "<group>";
		};
		222EE7BD1BDE48D300B74B33 /* Home */ = {
			isa = PBXGroup;
			children = (
				222EE7BE1BDE48D300B74B33 /* Controller */,
				222EE7BF1BDE48D300B74B33 /* model */,
				222EE7C01BDE48D300B74B33 /* View */,
			);
			name = Home;
			path = ../Model/Home;
			sourceTree = "<group>";
		};
		222EE7BE1BDE48D300B74B33 /* Controller */ = {
			isa = PBXGroup;
			children = (
				227FB6411BE399FE00FE8C40 /* YHHomeController.swift */,
			);
			path = Controller;
			sourceTree = "<group>";
		};
		222EE7BF1BDE48D300B74B33 /* model */ = {
			isa = PBXGroup;
			children = (
			);
			path = model;
			sourceTree = "<group>";
		};
		222EE7C01BDE48D300B74B33 /* View */ = {
			isa = PBXGroup;
			children = (
				224C34441BE4CE9400A42E1B /* YHHomeTitleView.swift */,
			);
			path = View;
			sourceTree = "<group>";
		};
		222EE7C11BDE48D300B74B33 /* Main */ = {
			isa = PBXGroup;
			children = (
				222EE7C21BDE48D300B74B33 /* Controller */,
				222EE7C31BDE48D300B74B33 /* model */,
				222EE7C41BDE48D300B74B33 /* View */,
			);
			name = Main;
			path = ../Model/Main;
			sourceTree = "<group>";
		};
		222EE7C21BDE48D300B74B33 /* Controller */ = {
			isa = PBXGroup;
			children = (
				227FB6451BE39A7900FE8C40 /* YHBaseController.swift */,
				227FB6431BE39A0C00FE8C40 /* YHTabBarController.swift */,
			);
			path = Controller;
			sourceTree = "<group>";
		};
		222EE7C31BDE48D300B74B33 /* model */ = {
			isa = PBXGroup;
			children = (
			);
			path = model;
			sourceTree = "<group>";
		};
		222EE7C41BDE48D300B74B33 /* View */ = {
			isa = PBXGroup;
			children = (
				227FB6471BE39AB100FE8C40 /* YHVistorView.swift */,
				227FB6481BE39AB100FE8C40 /* YHMainTabBar.swift */,
			);
			path = View;
			sourceTree = "<group>";
		};
		222EE7C51BDE48D300B74B33 /* Message */ = {
			isa = PBXGroup;
			children = (
				222EE7C61BDE48D300B74B33 /* Controller */,
				222EE7C71BDE48D300B74B33 /* model */,
				222EE7C81BDE48D300B74B33 /* View */,
			);
			name = Message;
			path = ../Model/Message;
			sourceTree = "<group>";
		};
		222EE7C61BDE48D300B74B33 /* Controller */ = {
			isa = PBXGroup;
			children = (
				227FB64D1BE39B0500FE8C40 /* YHMessageController.swift */,
			);
			path = Controller;
			sourceTree = "<group>";
		};
		222EE7C71BDE48D300B74B33 /* model */ = {
			isa = PBXGroup;
			children = (
			);
			path = model;
			sourceTree = "<group>";
		};
		222EE7C81BDE48D300B74B33 /* View */ = {
			isa = PBXGroup;
			children = (
			);
			path = View;
			sourceTree = "<group>";
		};
		222EE7C91BDE48D300B74B33 /* Profile */ = {
			isa = PBXGroup;
			children = (
				222EE7CA1BDE48D300B74B33 /* Controller */,
				222EE7CB1BDE48D300B74B33 /* model */,
				222EE7CC1BDE48D300B74B33 /* View */,
			);
			name = Profile;
			path = ../Model/Profile;
			sourceTree = "<group>";
		};
		222EE7CA1BDE48D300B74B33 /* Controller */ = {
			isa = PBXGroup;
			children = (
				227FB64B1BE39AD800FE8C40 /* YHProfileController.swift */,
			);
			path = Controller;
			sourceTree = "<group>";
		};
		222EE7CB1BDE48D300B74B33 /* model */ = {
			isa = PBXGroup;
			children = (
			);
			path = model;
			sourceTree = "<group>";
		};
		222EE7CC1BDE48D300B74B33 /* View */ = {
			isa = PBXGroup;
			children = (
			);
			path = View;
			sourceTree = "<group>";
		};
		222EE7CD1BDE48D300B74B33 /* Test */ = {
			isa = PBXGroup;
			children = (
			);
			name = Test;
			path = ../Model/Test;
			sourceTree = "<group>";
		};
		222EE7CE1BDE48D300B74B33 /* Module */ = {
			isa = PBXGroup;
			children = (
				227FB6511BE39B9A00FE8C40 /* NewFeature */,
				222EE7C11BDE48D300B74B33 /* Main */,
				222EE7BD1BDE48D300B74B33 /* Home */,
				222EE7C51BDE48D300B74B33 /* Message */,
				222EE7B91BDE48D300B74B33 /* Discover */,
				222EE7C91BDE48D300B74B33 /* Profile */,
				222EE7CD1BDE48D300B74B33 /* Test */,
			);
			path = Module;
			sourceTree = "<group>";
		};
		222EE7CF1BDE48D300B74B33 /* Tool */ = {
			isa = PBXGroup;
			children = (
				223952911BE0DBBE00AF2718 /* Networktools.swift */,
			);
			path = Tool;
			sourceTree = "<group>";
		};
		223952931BE0E6F800AF2718 /* OAuth */ = {
			isa = PBXGroup;
			children = (
				223952941BE0E72F00AF2718 /* OAuthViewController.swift */,
			);
			path = OAuth;
			sourceTree = "<group>";
		};
		227FB6511BE39B9A00FE8C40 /* NewFeature */ = {
			isa = PBXGroup;
			children = (
				227FB6521BE39BCF00FE8C40 /* Controller */,
			);
			path = NewFeature;
			sourceTree = "<group>";
		};
		227FB6521BE39BCF00FE8C40 /* Controller */ = {
			isa = PBXGroup;
			children = (
				227FB6531BE39C5C00FE8C40 /* YHWelconeViewController.swift */,
				22CEBDE21BE3AD4E009D7D91 /* YHNewFeatureViewController.swift */,
			);
			path = Controller;
			sourceTree = "<group>";
		};
		2670940E4ADBBB8E825A439C /* Frameworks */ = {
			isa = PBXGroup;
			children = (
				BE98450B0AD42E98A5B26E13 /* Pods.framework */,
			);
			name = Frameworks;
			sourceTree = "<group>";
		};
		3C05A25F6B764E66E26730CC /* Pods */ = {
			isa = PBXGroup;
			children = (
				B62728D0CF43F4993B938692 /* Pods.debug.xcconfig */,
				777B80C2E315FF28DDA2CE65 /* Pods.release.xcconfig */,
			);
			name = Pods;
			sourceTree = "<group>";
		};
/* End PBXGroup section */

/* Begin PBXNativeTarget section */
		222EE79F1BDE368A00B74B33 /* Myweibo */ = {
			isa = PBXNativeTarget;
			buildConfigurationList = 222EE7B21BDE368B00B74B33 /* Build configuration list for PBXNativeTarget "Myweibo" */;
			buildPhases = (
				9C686F469CC51DA68F376051 /* Check Pods Manifest.lock */,
				222EE79C1BDE368A00B74B33 /* Sources */,
				222EE79D1BDE368A00B74B33 /* Frameworks */,
				222EE79E1BDE368A00B74B33 /* Resources */,
				46A1DBDA57C0984DBDCB1D93 /* Embed Pods Frameworks */,
				DBAB2A6C8E6EC3C59D1E6FB3 /* Copy Pods Resources */,
			);
			buildRules = (
			);
			dependencies = (
			);
			name = Myweibo;
			productName = Myweibo;
			productReference = 222EE7A01BDE368A00B74B33 /* Myweibo.app */;
			productType = "com.apple.product-type.application";
		};
/* End PBXNativeTarget section */

/* Begin PBXProject section */
		222EE7981BDE368A00B74B33 /* Project object */ = {
			isa = PBXProject;
			attributes = {
				CLASSPREFIX = YH;
				LastUpgradeCheck = 0700;
				ORGANIZATIONNAME = mposhh;
				TargetAttributes = {
					222EE79F1BDE368A00B74B33 = {
						CreatedOnToolsVersion = 7.0;
					};
				};
			};
			buildConfigurationList = 222EE79B1BDE368A00B74B33 /* Build configuration list for PBXProject "Myweibo" */;
			compatibilityVersion = "Xcode 3.2";
			developmentRegion = English;
			hasScannedForEncodings = 0;
			knownRegions = (
				en,
				Base,
			);
			mainGroup = 222EE7971BDE368A00B74B33;
			productRefGroup = 222EE7A11BDE368A00B74B33 /* Products */;
			projectDirPath = "";
			projectRoot = "";
			targets = (
				222EE79F1BDE368A00B74B33 /* Myweibo */,
			);
		};
/* End PBXProject section */

/* Begin PBXResourcesBuildPhase section */
		222EE79E1BDE368A00B74B33 /* Resources */ = {
			isa = PBXResourcesBuildPhase;
			buildActionMask = 2147483647;
			files = (
				222EE7AE1BDE368B00B74B33 /* LaunchScreen.storyboard in Resources */,
				222EE7AB1BDE368B00B74B33 /* Assets.xcassets in Resources */,
			);
			runOnlyForDeploymentPostprocessing = 0;
		};
/* End PBXResourcesBuildPhase section */

/* Begin PBXShellScriptBuildPhase section */
		46A1DBDA57C0984DBDCB1D93 /* Embed Pods Frameworks */ = {
			isa = PBXShellScriptBuildPhase;
			buildActionMask = 2147483647;
			files = (
			);
			inputPaths = (
			);
			name = "Embed Pods Frameworks";
			outputPaths = (
			);
			runOnlyForDeploymentPostprocessing = 0;
			shellPath = /bin/sh;
			shellScript = "\"${SRCROOT}/Pods/Target Support Files/Pods/Pods-frameworks.sh\"\n";
			showEnvVarsInLog = 0;
		};
		9C686F469CC51DA68F376051 /* Check Pods Manifest.lock */ = {
			isa = PBXShellScriptBuildPhase;
			buildActionMask = 2147483647;
			files = (
			);
			inputPaths = (
			);
			name = "Check Pods Manifest.lock";
			outputPaths = (
			);
			runOnlyForDeploymentPostprocessing = 0;
			shellPath = /bin/sh;
			shellScript = "diff \"${PODS_ROOT}/../Podfile.lock\" \"${PODS_ROOT}/Manifest.lock\" > /dev/null\nif [[ $? != 0 ]] ; then\n    cat << EOM\nerror: The sandbox is not in sync with the Podfile.lock. Run 'pod install' or update your CocoaPods installation.\nEOM\n    exit 1\nfi\n";
			showEnvVarsInLog = 0;
		};
		DBAB2A6C8E6EC3C59D1E6FB3 /* Copy Pods Resources */ = {
			isa = PBXShellScriptBuildPhase;
			buildActionMask = 2147483647;
			files = (
			);
			inputPaths = (
			);
			name = "Copy Pods Resources";
			outputPaths = (
			);
			runOnlyForDeploymentPostprocessing = 0;
			shellPath = /bin/sh;
			shellScript = "\"${SRCROOT}/Pods/Target Support Files/Pods/Pods-resources.sh\"\n";
			showEnvVarsInLog = 0;
		};
/* End PBXShellScriptBuildPhase section */

/* Begin PBXSourcesBuildPhase section */
		222EE79C1BDE368A00B74B33 /* Sources */ = {
			isa = PBXSourcesBuildPhase;
			buildActionMask = 2147483647;
			files = (
				227FB6441BE39A0C00FE8C40 /* YHTabBarController.swift in Sources */,
				224C34471BE4DB0D00A42E1B /* UIView+AutoLayout.swift in Sources */,
				227FB6501BE39B2000FE8C40 /* YHDiscoverController.swift in Sources */,
				222EE7A41BDE368A00B74B33 /* AppDelegate.swift in Sources */,
				227FB64E1BE39B0500FE8C40 /* YHMessageController.swift in Sources */,
				227FB64C1BE39AD800FE8C40 /* YHProfileController.swift in Sources */,
				227FB6421BE399FE00FE8C40 /* YHHomeController.swift in Sources */,
				223952921BE0DBBE00AF2718 /* Networktools.swift in Sources */,
				224C34451BE4CE9400A42E1B /* YHHomeTitleView.swift in Sources */,
				224C34431BE4849800A42E1B /* UIBarButtonItem+Extension.swift in Sources */,
				227FB6541BE39C5C00FE8C40 /* YHWelconeViewController.swift in Sources */,
				227FB64A1BE39AB100FE8C40 /* YHMainTabBar.swift in Sources */,
				22594A3A1BE1DD7D00E82EB5 /* YHUserAccount.swift in Sources */,
				227FB6491BE39AB100FE8C40 /* YHVistorView.swift in Sources */,
				224C34491BE4E1D700A42E1B /* YHStatus.swift in Sources */,
				227FB6461BE39A7900FE8C40 /* YHBaseController.swift in Sources */,
				22CEBDE31BE3AD4E009D7D91 /* YHNewFeatureViewController.swift in Sources */,
				223952951BE0E72F00AF2718 /* OAuthViewController.swift in Sources */,
				224C344B1BE510E700A42E1B /* YHUser.swift in Sources */,
			);
			runOnlyForDeploymentPostprocessing = 0;
		};
/* End PBXSourcesBuildPhase section */

/* Begin PBXVariantGroup section */
		222EE7AC1BDE368B00B74B33 /* LaunchScreen.storyboard */ = {
			isa = PBXVariantGroup;
			children = (
				222EE7AD1BDE368B00B74B33 /* Base */,
			);
			name = LaunchScreen.storyboard;
			sourceTree = "<group>";
		};
/* End PBXVariantGroup section */

/* Begin XCBuildConfiguration section */
		222EE7B01BDE368B00B74B33 /* Debug */ = {
			isa = XCBuildConfiguration;
			buildSettings = {
				ALWAYS_SEARCH_USER_PATHS = NO;
				CLANG_CXX_LANGUAGE_STANDARD = "gnu++0x";
				CLANG_CXX_LIBRARY = "libc++";
				CLANG_ENABLE_MODULES = YES;
				CLANG_ENABLE_OBJC_ARC = YES;
				CLANG_WARN_BOOL_CONVERSION = YES;
				CLANG_WARN_CONSTANT_CONVERSION = YES;
				CLANG_WARN_DIRECT_OBJC_ISA_USAGE = YES_ERROR;
				CLANG_WARN_EMPTY_BODY = YES;
				CLANG_WARN_ENUM_CONVERSION = YES;
				CLANG_WARN_INT_CONVERSION = YES;
				CLANG_WARN_OBJC_ROOT_CLASS = YES_ERROR;
				CLANG_WARN_UNREACHABLE_CODE = YES;
				CLANG_WARN__DUPLICATE_METHOD_MATCH = YES;
				"CODE_SIGN_IDENTITY[sdk=iphoneos*]" = "iPhone Developer";
				COPY_PHASE_STRIP = NO;
				DEBUG_INFORMATION_FORMAT = dwarf;
				ENABLE_STRICT_OBJC_MSGSEND = YES;
				ENABLE_TESTABILITY = YES;
				GCC_C_LANGUAGE_STANDARD = gnu99;
				GCC_DYNAMIC_NO_PIC = NO;
				GCC_NO_COMMON_BLOCKS = YES;
				GCC_OPTIMIZATION_LEVEL = 0;
				GCC_PREPROCESSOR_DEFINITIONS = (
					"DEBUG=1",
					"$(inherited)",
				);
				GCC_WARN_64_TO_32_BIT_CONVERSION = YES;
				GCC_WARN_ABOUT_RETURN_TYPE = YES_ERROR;
				GCC_WARN_UNDECLARED_SELECTOR = YES;
				GCC_WARN_UNINITIALIZED_AUTOS = YES_AGGRESSIVE;
				GCC_WARN_UNUSED_FUNCTION = YES;
				GCC_WARN_UNUSED_VARIABLE = YES;
				IPHONEOS_DEPLOYMENT_TARGET = 9.0;
				MTL_ENABLE_DEBUG_INFO = YES;
				ONLY_ACTIVE_ARCH = YES;
				SDKROOT = iphoneos;
				SWIFT_OPTIMIZATION_LEVEL = "-Onone";
				TARGETED_DEVICE_FAMILY = "1,2";
			};
			name = Debug;
		};
		222EE7B11BDE368B00B74B33 /* Release */ = {
			isa = XCBuildConfiguration;
			buildSettings = {
				ALWAYS_SEARCH_USER_PATHS = NO;
				CLANG_CXX_LANGUAGE_STANDARD = "gnu++0x";
				CLANG_CXX_LIBRARY = "libc++";
				CLANG_ENABLE_MODULES = YES;
				CLANG_ENABLE_OBJC_ARC = YES;
				CLANG_WARN_BOOL_CONVERSION = YES;
				CLANG_WARN_CONSTANT_CONVERSION = YES;
				CLANG_WARN_DIRECT_OBJC_ISA_USAGE = YES_ERROR;
				CLANG_WARN_EMPTY_BODY = YES;
				CLANG_WARN_ENUM_CONVERSION = YES;
				CLANG_WARN_INT_CONVERSION = YES;
				CLANG_WARN_OBJC_ROOT_CLASS = YES_ERROR;
				CLANG_WARN_UNREACHABLE_CODE = YES;
				CLANG_WARN__DUPLICATE_METHOD_MATCH = YES;
				"CODE_SIGN_IDENTITY[sdk=iphoneos*]" = "iPhone Developer";
				COPY_PHASE_STRIP = NO;
				DEBUG_INFORMATION_FORMAT = "dwarf-with-dsym";
				ENABLE_NS_ASSERTIONS = NO;
				ENABLE_STRICT_OBJC_MSGSEND = YES;
				GCC_C_LANGUAGE_STANDARD = gnu99;
				GCC_NO_COMMON_BLOCKS = YES;
				GCC_WARN_64_TO_32_BIT_CONVERSION = YES;
				GCC_WARN_ABOUT_RETURN_TYPE = YES_ERROR;
				GCC_WARN_UNDECLARED_SELECTOR = YES;
				GCC_WARN_UNINITIALIZED_AUTOS = YES_AGGRESSIVE;
				GCC_WARN_UNUSED_FUNCTION = YES;
				GCC_WARN_UNUSED_VARIABLE = YES;
				IPHONEOS_DEPLOYMENT_TARGET = 9.0;
				MTL_ENABLE_DEBUG_INFO = NO;
				SDKROOT = iphoneos;
				TARGETED_DEVICE_FAMILY = "1,2";
				VALIDATE_PRODUCT = YES;
			};
			name = Release;
		};
		222EE7B31BDE368B00B74B33 /* Debug */ = {
			isa = XCBuildConfiguration;
			baseConfigurationReference = B62728D0CF43F4993B938692 /* Pods.debug.xcconfig */;
			buildSettings = {
				ASSETCATALOG_COMPILER_APPICON_NAME = AppIcon;
				ASSETCATALOG_COMPILER_LAUNCHIMAGE_NAME = BrandAsset;
				INFOPLIST_FILE = Myweibo/Info.plist;
				IPHONEOS_DEPLOYMENT_TARGET = 8.0;
				LD_RUNPATH_SEARCH_PATHS = "$(inherited) @executable_path/Frameworks";
				PRODUCT_BUNDLE_IDENTIFIER = cn.mposthh.Myweibo;
				PRODUCT_NAME = "$(TARGET_NAME)";
				TARGETED_DEVICE_FAMILY = 1;
			};
			name = Debug;
		};
		222EE7B41BDE368B00B74B33 /* Release */ = {
			isa = XCBuildConfiguration;
			baseConfigurationReference = 777B80C2E315FF28DDA2CE65 /* Pods.release.xcconfig */;
			buildSettings = {
				ASSETCATALOG_COMPILER_APPICON_NAME = AppIcon;
				ASSETCATALOG_COMPILER_LAUNCHIMAGE_NAME = BrandAsset;
				INFOPLIST_FILE = Myweibo/Info.plist;
				IPHONEOS_DEPLOYMENT_TARGET = 8.0;
				LD_RUNPATH_SEARCH_PATHS = "$(inherited) @executable_path/Frameworks";
				PRODUCT_BUNDLE_IDENTIFIER = cn.mposthh.Myweibo;
				PRODUCT_NAME = "$(TARGET_NAME)";
				TARGETED_DEVICE_FAMILY = 1;
			};
			name = Release;
		};
/* End XCBuildConfiguration section */

/* Begin XCConfigurationList section */
		222EE79B1BDE368A00B74B33 /* Build configuration list for PBXProject "Myweibo" */ = {
			isa = XCConfigurationList;
			buildConfigurations = (
				222EE7B01BDE368B00B74B33 /* Debug */,
				222EE7B11BDE368B00B74B33 /* Release */,
			);
			defaultConfigurationIsVisible = 0;
			defaultConfigurationName = Release;
		};
		222EE7B21BDE368B00B74B33 /* Build configuration list for PBXNativeTarget "Myweibo" */ = {
			isa = XCConfigurationList;
			buildConfigurations = (
				222EE7B31BDE368B00B74B33 /* Debug */,
				222EE7B41BDE368B00B74B33 /* Release */,
			);
			defaultConfigurationIsVisible = 0;
			defaultConfigurationName = Release;
		};
/* End XCConfigurationList section */
	};
	rootObject = 222EE7981BDE368A00B74B33 /* Project object */;
}
